
Microsoft Visual Studio Solution File, Format Version 12.00
# Visual Studio Version 17
VisualStudioVersion = 17.7.34031.279
MinimumVisualStudioVersion = 10.0.40219.1
Project("{FAE04EC0-301F-11D3-BF4B-00C04F79EFBC}") = "NavaigationPage", "NavaigationPage\NavaigationPage.csproj", "{803357B7-FA99-4E71-AF3C-239B0565A5B1}"
EndProject
Global
	GlobalSection(SolutionConfigurationPlatforms) = preSolution
		Debug|Any CPU = Debug|Any CPU
		Release|Any CPU = Release|Any CPU
	EndGlobalSection
	GlobalSection(ProjectConfigurationPlatforms) = postSolution
		{803357B7-FA99-4E71-AF3C-239B0565A5B1}.Debug|Any CPU.ActiveCfg = Debug|Any CPU
		{803357B7-FA99-4E71-AF3C-239B0565A5B1}.Debug|Any CPU.Build.0 = Debug|Any CPU
		{803357B7-FA99-4E71-AF3C-239B0565A5B1}.Debug|Any CPU.Deploy.0 = Debug|Any CPU
		{803357B7-FA99-4E71-AF3C-239B0565A5B1}.Release|Any CPU.ActiveCfg = Release|Any CPU
		{803357B7-FA99-4E71-AF3C-239B0565A5B1}.Release|Any CPU.Build.0 = Release|Any CPU
		{803357B7-FA99-4E71-AF3C-239B0565A5B1}.Release|Any CPU.Deploy.0 = Release|Any CPU
	EndGlobalSection
	GlobalSection(SolutionProperties) = preSolution
		HideSolutionNode = FALSE
	EndGlobalSection
	GlobalSection(ExtensibilityGlobals) = postSolution
		SolutionGuid = {00328171-C631-4475-AC94-C68C143E7A5B}
	EndGlobalSection
EndGlobal
